
Microsoft Visual Studio Solution File, Format Version 12.00
# Visual Studio 2013
VisualStudioVersion = 12.0.40629.0
MinimumVisualStudioVersion = 10.0.40219.1
Project("{FAE04EC0-301F-11D3-BF4B-00C04F79EFBC}") = "RegistryAPI", "RegistryAPI\RegistryAPI.csproj", "{FAD84004-6AD6-404C-AA51-FA0A643D8C78}"
EndProject
Project("{FAE04EC0-301F-11D3-BF4B-00C04F79EFBC}") = "RA.Models", "RA.Models\RA.Models.csproj", "{3F55C8EB-5CCD-4EAF-AC31-691EE2681C85}"
EndProject
Project("{FAE04EC0-301F-11D3-BF4B-00C04F79EFBC}") = "RA.Services", "RA.Services\RA.Services.csproj", "{D1B78084-EAD5-4B68-9EF2-99C068859FE9}"
EndProject
Project("{FAE04EC0-301F-11D3-BF4B-00C04F79EFBC}") = "Utilities", "Utilities\Utilities.csproj", "{5AF99218-BBD8-48C4-BBDE-EFF5F35B4E05}"
EndProject
Project("{FAE04EC0-301F-11D3-BF4B-00C04F79EFBC}") = "CredentialRegistry", "CredentialRegistry\CredentialRegistry.csproj", "{EC0EB03D-04FF-449A-971B-ACC4BBEEFB2A}"
EndProject
Project("{2150E333-8FDC-42A3-9474-1A3956D46DE8}") = "SampleImplementations", "SampleImplementations", "{C605459B-668F-473F-835C-68498D8BFDA0}"
EndProject
Project("{FAE04EC0-301F-11D3-BF4B-00C04F79EFBC}") = "RA.Implementations", "SampleImplementations\RA.Implementations\RA.Implementations.csproj", "{14AC1C05-2BD9-4A1B-918F-959235F38298}"
EndProject
Global
	GlobalSection(SolutionConfigurationPlatforms) = preSolution
		Azure|Any CPU = Azure|Any CPU
		ctiTest|Any CPU = ctiTest|Any CPU
		Debug|Any CPU = Debug|Any CPU
		Github|Any CPU = Github|Any CPU
		Release|Any CPU = Release|Any CPU
		Test|Any CPU = Test|Any CPU
	EndGlobalSection
	GlobalSection(ProjectConfigurationPlatforms) = postSolution
		{FAD84004-6AD6-404C-AA51-FA0A643D8C78}.Azure|Any CPU.ActiveCfg = Release|Any CPU
		{FAD84004-6AD6-404C-AA51-FA0A643D8C78}.Azure|Any CPU.Build.0 = Release|Any CPU
		{FAD84004-6AD6-404C-AA51-FA0A643D8C78}.ctiTest|Any CPU.ActiveCfg = Test|Any CPU
		{FAD84004-6AD6-404C-AA51-FA0A643D8C78}.ctiTest|Any CPU.Build.0 = Test|Any CPU
		{FAD84004-6AD6-404C-AA51-FA0A643D8C78}.Debug|Any CPU.ActiveCfg = Debug|Any CPU
		{FAD84004-6AD6-404C-AA51-FA0A643D8C78}.Debug|Any CPU.Build.0 = Debug|Any CPU
		{FAD84004-6AD6-404C-AA51-FA0A643D8C78}.Github|Any CPU.ActiveCfg = Test|Any CPU
		{FAD84004-6AD6-404C-AA51-FA0A643D8C78}.Github|Any CPU.Build.0 = Test|Any CPU
		{FAD84004-6AD6-404C-AA51-FA0A643D8C78}.Release|Any CPU.ActiveCfg = Release|Any CPU
		{FAD84004-6AD6-404C-AA51-FA0A643D8C78}.Release|Any CPU.Build.0 = Release|Any CPU
		{FAD84004-6AD6-404C-AA51-FA0A643D8C78}.Test|Any CPU.ActiveCfg = Test|Any CPU
		{FAD84004-6AD6-404C-AA51-FA0A643D8C78}.Test|Any CPU.Build.0 = Test|Any CPU
		{3F55C8EB-5CCD-4EAF-AC31-691EE2681C85}.Azure|Any CPU.ActiveCfg = Azure|Any CPU
		{3F55C8EB-5CCD-4EAF-AC31-691EE2681C85}.Azure|Any CPU.Build.0 = Azure|Any CPU
		{3F55C8EB-5CCD-4EAF-AC31-691EE2681C85}.ctiTest|Any CPU.ActiveCfg = Release|Any CPU
		{3F55C8EB-5CCD-4EAF-AC31-691EE2681C85}.ctiTest|Any CPU.Build.0 = Release|Any CPU
		{3F55C8EB-5CCD-4EAF-AC31-691EE2681C85}.Debug|Any CPU.ActiveCfg = Debug|Any CPU
		{3F55C8EB-5CCD-4EAF-AC31-691EE2681C85}.Debug|Any CPU.Build.0 = Debug|Any CPU
		{3F55C8EB-5CCD-4EAF-AC31-691EE2681C85}.Github|Any CPU.ActiveCfg = Release|Any CPU
		{3F55C8EB-5CCD-4EAF-AC31-691EE2681C85}.Github|Any CPU.Build.0 = Release|Any CPU
		{3F55C8EB-5CCD-4EAF-AC31-691EE2681C85}.Release|Any CPU.ActiveCfg = Release|Any CPU
		{3F55C8EB-5CCD-4EAF-AC31-691EE2681C85}.Release|Any CPU.Build.0 = Release|Any CPU
		{3F55C8EB-5CCD-4EAF-AC31-691EE2681C85}.Test|Any CPU.ActiveCfg = Release|Any CPU
		{3F55C8EB-5CCD-4EAF-AC31-691EE2681C85}.Test|Any CPU.Build.0 = Release|Any CPU
		{D1B78084-EAD5-4B68-9EF2-99C068859FE9}.Azure|Any CPU.ActiveCfg = Azure|Any CPU
		{D1B78084-EAD5-4B68-9EF2-99C068859FE9}.Azure|Any CPU.Build.0 = Azure|Any CPU
		{D1B78084-EAD5-4B68-9EF2-99C068859FE9}.ctiTest|Any CPU.ActiveCfg = Release|Any CPU
		{D1B78084-EAD5-4B68-9EF2-99C068859FE9}.ctiTest|Any CPU.Build.0 = Release|Any CPU
		{D1B78084-EAD5-4B68-9EF2-99C068859FE9}.Debug|Any CPU.ActiveCfg = Debug|Any CPU
		{D1B78084-EAD5-4B68-9EF2-99C068859FE9}.Debug|Any CPU.Build.0 = Debug|Any CPU
		{D1B78084-EAD5-4B68-9EF2-99C068859FE9}.Github|Any CPU.ActiveCfg = Release|Any CPU
		{D1B78084-EAD5-4B68-9EF2-99C068859FE9}.Github|Any CPU.Build.0 = Release|Any CPU
		{D1B78084-EAD5-4B68-9EF2-99C068859FE9}.Release|Any CPU.ActiveCfg = Release|Any CPU
		{D1B78084-EAD5-4B68-9EF2-99C068859FE9}.Release|Any CPU.Build.0 = Release|Any CPU
		{D1B78084-EAD5-4B68-9EF2-99C068859FE9}.Test|Any CPU.ActiveCfg = Release|Any CPU
		{D1B78084-EAD5-4B68-9EF2-99C068859FE9}.Test|Any CPU.Build.0 = Release|Any CPU
		{5AF99218-BBD8-48C4-BBDE-EFF5F35B4E05}.Azure|Any CPU.ActiveCfg = Test|Any CPU
		{5AF99218-BBD8-48C4-BBDE-EFF5F35B4E05}.Azure|Any CPU.Build.0 = Test|Any CPU
		{5AF99218-BBD8-48C4-BBDE-EFF5F35B4E05}.ctiTest|Any CPU.ActiveCfg = ctiTest|Any CPU
		{5AF99218-BBD8-48C4-BBDE-EFF5F35B4E05}.ctiTest|Any CPU.Build.0 = ctiTest|Any CPU
		{5AF99218-BBD8-48C4-BBDE-EFF5F35B4E05}.Debug|Any CPU.ActiveCfg = Debug|Any CPU
		{5AF99218-BBD8-48C4-BBDE-EFF5F35B4E05}.Debug|Any CPU.Build.0 = Debug|Any CPU
		{5AF99218-BBD8-48C4-BBDE-EFF5F35B4E05}.Github|Any CPU.ActiveCfg = Github|Any CPU
		{5AF99218-BBD8-48C4-BBDE-EFF5F35B4E05}.Github|Any CPU.Build.0 = Github|Any CPU
		{5AF99218-BBD8-48C4-BBDE-EFF5F35B4E05}.Release|Any CPU.ActiveCfg = Release|Any CPU
		{5AF99218-BBD8-48C4-BBDE-EFF5F35B4E05}.Release|Any CPU.Build.0 = Release|Any CPU
		{5AF99218-BBD8-48C4-BBDE-EFF5F35B4E05}.Test|Any CPU.ActiveCfg = Test|Any CPU
		{5AF99218-BBD8-48C4-BBDE-EFF5F35B4E05}.Test|Any CPU.Build.0 = Test|Any CPU
		{EC0EB03D-04FF-449A-971B-ACC4BBEEFB2A}.Azure|Any CPU.ActiveCfg = Debug|Any CPU
		{EC0EB03D-04FF-449A-971B-ACC4BBEEFB2A}.Azure|Any CPU.Build.0 = Debug|Any CPU
		{EC0EB03D-04FF-449A-971B-ACC4BBEEFB2A}.ctiTest|Any CPU.ActiveCfg = Release|Any CPU
		{EC0EB03D-04FF-449A-971B-ACC4BBEEFB2A}.ctiTest|Any CPU.Build.0 = Release|Any CPU
		{EC0EB03D-04FF-449A-971B-ACC4BBEEFB2A}.Debug|Any CPU.ActiveCfg = Debug|Any CPU
		{EC0EB03D-04FF-449A-971B-ACC4BBEEFB2A}.Debug|Any CPU.Build.0 = Debug|Any CPU
		{EC0EB03D-04FF-449A-971B-ACC4BBEEFB2A}.Github|Any CPU.ActiveCfg = Release|Any CPU
		{EC0EB03D-04FF-449A-971B-ACC4BBEEFB2A}.Github|Any CPU.Build.0 = Release|Any CPU
		{EC0EB03D-04FF-449A-971B-ACC4BBEEFB2A}.Release|Any CPU.ActiveCfg = Release|Any CPU
		{EC0EB03D-04FF-449A-971B-ACC4BBEEFB2A}.Release|Any CPU.Build.0 = Release|Any CPU
		{EC0EB03D-04FF-449A-971B-ACC4BBEEFB2A}.Test|Any CPU.ActiveCfg = Release|Any CPU
		{EC0EB03D-04FF-449A-971B-ACC4BBEEFB2A}.Test|Any CPU.Build.0 = Release|Any CPU
		{14AC1C05-2BD9-4A1B-918F-959235F38298}.Azure|Any CPU.ActiveCfg = Azure|Any CPU
		{14AC1C05-2BD9-4A1B-918F-959235F38298}.Azure|Any CPU.Build.0 = Azure|Any CPU
		{14AC1C05-2BD9-4A1B-918F-959235F38298}.ctiTest|Any CPU.ActiveCfg = Azure|Any CPU
		{14AC1C05-2BD9-4A1B-918F-959235F38298}.ctiTest|Any CPU.Build.0 = Azure|Any CPU
		{14AC1C05-2BD9-4A1B-918F-959235F38298}.Debug|Any CPU.ActiveCfg = Debug|Any CPU
		{14AC1C05-2BD9-4A1B-918F-959235F38298}.Debug|Any CPU.Build.0 = Debug|Any CPU
		{14AC1C05-2BD9-4A1B-918F-959235F38298}.Github|Any CPU.ActiveCfg = Azure|Any CPU
		{14AC1C05-2BD9-4A1B-918F-959235F38298}.Github|Any CPU.Build.0 = Azure|Any CPU
		{14AC1C05-2BD9-4A1B-918F-959235F38298}.Release|Any CPU.ActiveCfg = Release|Any CPU
		{14AC1C05-2BD9-4A1B-918F-959235F38298}.Release|Any CPU.Build.0 = Release|Any CPU
		{14AC1C05-2BD9-4A1B-918F-959235F38298}.Test|Any CPU.ActiveCfg = Azure|Any CPU
		{14AC1C05-2BD9-4A1B-918F-959235F38298}.Test|Any CPU.Build.0 = Azure|Any CPU
	EndGlobalSection
	GlobalSection(SolutionProperties) = preSolution
		HideSolutionNode = FALSE
	EndGlobalSection
	GlobalSection(NestedProjects) = preSolution
		{14AC1C05-2BD9-4A1B-918F-959235F38298} = {C605459B-668F-473F-835C-68498D8BFDA0}
	EndGlobalSection
EndGlobal
