
Microsoft Visual Studio Solution File, Format Version 12.00
# Visual Studio Version 16
VisualStudioVersion = 16.0.30204.135
MinimumVisualStudioVersion = 10.0.40219.1
Project("{FAE04EC0-301F-11D3-BF4B-00C04F79EFBC}") = "RA.Models", "RA.Models\RA.Models.csproj", "{3F55C8EB-5CCD-4EAF-AC31-691EE2681C85}"
EndProject
Project("{FAE04EC0-301F-11D3-BF4B-00C04F79EFBC}") = "Utilities", "Utilities\Utilities.csproj", "{5AF99218-BBD8-48C4-BBDE-EFF5F35B4E05}"
EndProject
Project("{FAE04EC0-301F-11D3-BF4B-00C04F79EFBC}") = "CredentialRegistry", "CredentialRegistry\CredentialRegistry.csproj", "{EC0EB03D-04FF-449A-971B-ACC4BBEEFB2A}"
EndProject
Project("{2150E333-8FDC-42A3-9474-1A3956D46DE8}") = "SampleImplementations", "SampleImplementations", "{C605459B-668F-473F-835C-68498D8BFDA0}"
EndProject
Project("{FAE04EC0-301F-11D3-BF4B-00C04F79EFBC}") = "RA.Implementations", "SampleImplementations\RA.Implementations\RA.Implementations.csproj", "{14AC1C05-2BD9-4A1B-918F-959235F38298}"
EndProject
Project("{2150E333-8FDC-42A3-9474-1A3956D46DE8}") = "SamplePublishing", "SamplePublishing", "{E3389D38-CE96-49B6-A80F-757FA80CFB6C}"
EndProject
Project("{FAE04EC0-301F-11D3-BF4B-00C04F79EFBC}") = "RA.SamplesForDocumentation", "SamplePublishing\RA.SamplesForDocumentation\RA.SamplesForDocumentation.csproj", "{4197F0F4-F426-4FB2-BAFD-0A30245F3114}"
EndProject
Project("{FAE04EC0-301F-11D3-BF4B-00C04F79EFBC}") = "RA.SamplePublishingTestProject", "SamplePublishing\RA.SamplePublishingProject\RA.SamplePublishingTestProject.csproj", "{A5D48C75-8ECD-4A74-B64D-C035FC9605E5}"
EndProject
Project("{2150E333-8FDC-42A3-9474-1A3956D46DE8}") = "Solution Items", "Solution Items", "{E953B644-374B-4585-ABEE-AADDADD5CA74}"
	ProjectSection(SolutionItems) = preProject
		Notes.txt = Notes.txt
		..\README.md = ..\README.md
	EndProjectSection
EndProject
Project("{FAE04EC0-301F-11D3-BF4B-00C04F79EFBC}") = "SourceModels", "SamplePublishing\SourceModels\SourceModels.csproj", "{6E5B621A-F1D1-4BCC-8218-DC85547C1864}"
EndProject
Global
	GlobalSection(SolutionConfigurationPlatforms) = preSolution
		Azure|Any CPU = Azure|Any CPU
		ctiTest|Any CPU = ctiTest|Any CPU
		Debug|Any CPU = Debug|Any CPU
		Github|Any CPU = Github|Any CPU
		Release|Any CPU = Release|Any CPU
		Test|Any CPU = Test|Any CPU
	EndGlobalSection
	GlobalSection(ProjectConfigurationPlatforms) = postSolution
		{3F55C8EB-5CCD-4EAF-AC31-691EE2681C85}.Azure|Any CPU.ActiveCfg = Azure|Any CPU
		{3F55C8EB-5CCD-4EAF-AC31-691EE2681C85}.Azure|Any CPU.Build.0 = Azure|Any CPU
		{3F55C8EB-5CCD-4EAF-AC31-691EE2681C85}.ctiTest|Any CPU.ActiveCfg = Release|Any CPU
		{3F55C8EB-5CCD-4EAF-AC31-691EE2681C85}.ctiTest|Any CPU.Build.0 = Release|Any CPU
		{3F55C8EB-5CCD-4EAF-AC31-691EE2681C85}.Debug|Any CPU.ActiveCfg = Debug|Any CPU
		{3F55C8EB-5CCD-4EAF-AC31-691EE2681C85}.Debug|Any CPU.Build.0 = Debug|Any CPU
		{3F55C8EB-5CCD-4EAF-AC31-691EE2681C85}.Github|Any CPU.ActiveCfg = Release|Any CPU
		{3F55C8EB-5CCD-4EAF-AC31-691EE2681C85}.Github|Any CPU.Build.0 = Release|Any CPU
		{3F55C8EB-5CCD-4EAF-AC31-691EE2681C85}.Release|Any CPU.ActiveCfg = Release|Any CPU
		{3F55C8EB-5CCD-4EAF-AC31-691EE2681C85}.Release|Any CPU.Build.0 = Release|Any CPU
		{3F55C8EB-5CCD-4EAF-AC31-691EE2681C85}.Test|Any CPU.ActiveCfg = Release|Any CPU
		{3F55C8EB-5CCD-4EAF-AC31-691EE2681C85}.Test|Any CPU.Build.0 = Release|Any CPU
		{5AF99218-BBD8-48C4-BBDE-EFF5F35B4E05}.Azure|Any CPU.ActiveCfg = Test|Any CPU
		{5AF99218-BBD8-48C4-BBDE-EFF5F35B4E05}.Azure|Any CPU.Build.0 = Test|Any CPU
		{5AF99218-BBD8-48C4-BBDE-EFF5F35B4E05}.ctiTest|Any CPU.ActiveCfg = ctiTest|Any CPU
		{5AF99218-BBD8-48C4-BBDE-EFF5F35B4E05}.ctiTest|Any CPU.Build.0 = ctiTest|Any CPU
		{5AF99218-BBD8-48C4-BBDE-EFF5F35B4E05}.Debug|Any CPU.ActiveCfg = Debug|Any CPU
		{5AF99218-BBD8-48C4-BBDE-EFF5F35B4E05}.Debug|Any CPU.Build.0 = Debug|Any CPU
		{5AF99218-BBD8-48C4-BBDE-EFF5F35B4E05}.Github|Any CPU.ActiveCfg = Github|Any CPU
		{5AF99218-BBD8-48C4-BBDE-EFF5F35B4E05}.Github|Any CPU.Build.0 = Github|Any CPU
		{5AF99218-BBD8-48C4-BBDE-EFF5F35B4E05}.Release|Any CPU.ActiveCfg = Release|Any CPU
		{5AF99218-BBD8-48C4-BBDE-EFF5F35B4E05}.Release|Any CPU.Build.0 = Release|Any CPU
		{5AF99218-BBD8-48C4-BBDE-EFF5F35B4E05}.Test|Any CPU.ActiveCfg = Test|Any CPU
		{5AF99218-BBD8-48C4-BBDE-EFF5F35B4E05}.Test|Any CPU.Build.0 = Test|Any CPU
		{EC0EB03D-04FF-449A-971B-ACC4BBEEFB2A}.Azure|Any CPU.ActiveCfg = Debug|Any CPU
		{EC0EB03D-04FF-449A-971B-ACC4BBEEFB2A}.Azure|Any CPU.Build.0 = Debug|Any CPU
		{EC0EB03D-04FF-449A-971B-ACC4BBEEFB2A}.ctiTest|Any CPU.ActiveCfg = Release|Any CPU
		{EC0EB03D-04FF-449A-971B-ACC4BBEEFB2A}.ctiTest|Any CPU.Build.0 = Release|Any CPU
		{EC0EB03D-04FF-449A-971B-ACC4BBEEFB2A}.Debug|Any CPU.ActiveCfg = Debug|Any CPU
		{EC0EB03D-04FF-449A-971B-ACC4BBEEFB2A}.Debug|Any CPU.Build.0 = Debug|Any CPU
		{EC0EB03D-04FF-449A-971B-ACC4BBEEFB2A}.Github|Any CPU.ActiveCfg = Release|Any CPU
		{EC0EB03D-04FF-449A-971B-ACC4BBEEFB2A}.Github|Any CPU.Build.0 = Release|Any CPU
		{EC0EB03D-04FF-449A-971B-ACC4BBEEFB2A}.Release|Any CPU.ActiveCfg = Release|Any CPU
		{EC0EB03D-04FF-449A-971B-ACC4BBEEFB2A}.Release|Any CPU.Build.0 = Release|Any CPU
		{EC0EB03D-04FF-449A-971B-ACC4BBEEFB2A}.Test|Any CPU.ActiveCfg = Release|Any CPU
		{EC0EB03D-04FF-449A-971B-ACC4BBEEFB2A}.Test|Any CPU.Build.0 = Release|Any CPU
		{14AC1C05-2BD9-4A1B-918F-959235F38298}.Azure|Any CPU.ActiveCfg = Azure|Any CPU
		{14AC1C05-2BD9-4A1B-918F-959235F38298}.Azure|Any CPU.Build.0 = Azure|Any CPU
		{14AC1C05-2BD9-4A1B-918F-959235F38298}.ctiTest|Any CPU.ActiveCfg = Azure|Any CPU
		{14AC1C05-2BD9-4A1B-918F-959235F38298}.ctiTest|Any CPU.Build.0 = Azure|Any CPU
		{14AC1C05-2BD9-4A1B-918F-959235F38298}.Debug|Any CPU.ActiveCfg = Debug|Any CPU
		{14AC1C05-2BD9-4A1B-918F-959235F38298}.Debug|Any CPU.Build.0 = Debug|Any CPU
		{14AC1C05-2BD9-4A1B-918F-959235F38298}.Github|Any CPU.ActiveCfg = Azure|Any CPU
		{14AC1C05-2BD9-4A1B-918F-959235F38298}.Github|Any CPU.Build.0 = Azure|Any CPU
		{14AC1C05-2BD9-4A1B-918F-959235F38298}.Release|Any CPU.ActiveCfg = Release|Any CPU
		{14AC1C05-2BD9-4A1B-918F-959235F38298}.Release|Any CPU.Build.0 = Release|Any CPU
		{14AC1C05-2BD9-4A1B-918F-959235F38298}.Test|Any CPU.ActiveCfg = Azure|Any CPU
		{14AC1C05-2BD9-4A1B-918F-959235F38298}.Test|Any CPU.Build.0 = Azure|Any CPU
		{4197F0F4-F426-4FB2-BAFD-0A30245F3114}.Azure|Any CPU.ActiveCfg = Release|Any CPU
		{4197F0F4-F426-4FB2-BAFD-0A30245F3114}.Azure|Any CPU.Build.0 = Release|Any CPU
		{4197F0F4-F426-4FB2-BAFD-0A30245F3114}.ctiTest|Any CPU.ActiveCfg = Release|Any CPU
		{4197F0F4-F426-4FB2-BAFD-0A30245F3114}.ctiTest|Any CPU.Build.0 = Release|Any CPU
		{4197F0F4-F426-4FB2-BAFD-0A30245F3114}.Debug|Any CPU.ActiveCfg = Debug|Any CPU
		{4197F0F4-F426-4FB2-BAFD-0A30245F3114}.Debug|Any CPU.Build.0 = Debug|Any CPU
		{4197F0F4-F426-4FB2-BAFD-0A30245F3114}.Github|Any CPU.ActiveCfg = Release|Any CPU
		{4197F0F4-F426-4FB2-BAFD-0A30245F3114}.Github|Any CPU.Build.0 = Release|Any CPU
		{4197F0F4-F426-4FB2-BAFD-0A30245F3114}.Release|Any CPU.ActiveCfg = Release|Any CPU
		{4197F0F4-F426-4FB2-BAFD-0A30245F3114}.Release|Any CPU.Build.0 = Release|Any CPU
		{4197F0F4-F426-4FB2-BAFD-0A30245F3114}.Test|Any CPU.ActiveCfg = Release|Any CPU
		{4197F0F4-F426-4FB2-BAFD-0A30245F3114}.Test|Any CPU.Build.0 = Release|Any CPU
		{A5D48C75-8ECD-4A74-B64D-C035FC9605E5}.Azure|Any CPU.ActiveCfg = Release|Any CPU
		{A5D48C75-8ECD-4A74-B64D-C035FC9605E5}.Azure|Any CPU.Build.0 = Release|Any CPU
		{A5D48C75-8ECD-4A74-B64D-C035FC9605E5}.ctiTest|Any CPU.ActiveCfg = Release|Any CPU
		{A5D48C75-8ECD-4A74-B64D-C035FC9605E5}.ctiTest|Any CPU.Build.0 = Release|Any CPU
		{A5D48C75-8ECD-4A74-B64D-C035FC9605E5}.Debug|Any CPU.ActiveCfg = Debug|Any CPU
		{A5D48C75-8ECD-4A74-B64D-C035FC9605E5}.Debug|Any CPU.Build.0 = Debug|Any CPU
		{A5D48C75-8ECD-4A74-B64D-C035FC9605E5}.Github|Any CPU.ActiveCfg = Release|Any CPU
		{A5D48C75-8ECD-4A74-B64D-C035FC9605E5}.Github|Any CPU.Build.0 = Release|Any CPU
		{A5D48C75-8ECD-4A74-B64D-C035FC9605E5}.Release|Any CPU.ActiveCfg = Release|Any CPU
		{A5D48C75-8ECD-4A74-B64D-C035FC9605E5}.Release|Any CPU.Build.0 = Release|Any CPU
		{A5D48C75-8ECD-4A74-B64D-C035FC9605E5}.Test|Any CPU.ActiveCfg = Release|Any CPU
		{A5D48C75-8ECD-4A74-B64D-C035FC9605E5}.Test|Any CPU.Build.0 = Release|Any CPU
		{6E5B621A-F1D1-4BCC-8218-DC85547C1864}.Azure|Any CPU.ActiveCfg = Debug|Any CPU
		{6E5B621A-F1D1-4BCC-8218-DC85547C1864}.Azure|Any CPU.Build.0 = Debug|Any CPU
		{6E5B621A-F1D1-4BCC-8218-DC85547C1864}.ctiTest|Any CPU.ActiveCfg = Debug|Any CPU
		{6E5B621A-F1D1-4BCC-8218-DC85547C1864}.ctiTest|Any CPU.Build.0 = Debug|Any CPU
		{6E5B621A-F1D1-4BCC-8218-DC85547C1864}.Debug|Any CPU.ActiveCfg = Debug|Any CPU
		{6E5B621A-F1D1-4BCC-8218-DC85547C1864}.Debug|Any CPU.Build.0 = Debug|Any CPU
		{6E5B621A-F1D1-4BCC-8218-DC85547C1864}.Github|Any CPU.ActiveCfg = Debug|Any CPU
		{6E5B621A-F1D1-4BCC-8218-DC85547C1864}.Github|Any CPU.Build.0 = Debug|Any CPU
		{6E5B621A-F1D1-4BCC-8218-DC85547C1864}.Release|Any CPU.ActiveCfg = Release|Any CPU
		{6E5B621A-F1D1-4BCC-8218-DC85547C1864}.Release|Any CPU.Build.0 = Release|Any CPU
		{6E5B621A-F1D1-4BCC-8218-DC85547C1864}.Test|Any CPU.ActiveCfg = Debug|Any CPU
		{6E5B621A-F1D1-4BCC-8218-DC85547C1864}.Test|Any CPU.Build.0 = Debug|Any CPU
	EndGlobalSection
	GlobalSection(SolutionProperties) = preSolution
		HideSolutionNode = FALSE
	EndGlobalSection
	GlobalSection(NestedProjects) = preSolution
		{14AC1C05-2BD9-4A1B-918F-959235F38298} = {C605459B-668F-473F-835C-68498D8BFDA0}
		{4197F0F4-F426-4FB2-BAFD-0A30245F3114} = {E3389D38-CE96-49B6-A80F-757FA80CFB6C}
		{A5D48C75-8ECD-4A74-B64D-C035FC9605E5} = {E3389D38-CE96-49B6-A80F-757FA80CFB6C}
	EndGlobalSection
	GlobalSection(ExtensibilityGlobals) = postSolution
		SolutionGuid = {0404690F-4AA1-420E-8763-C10AA856D87C}
	EndGlobalSection
EndGlobal
